
Microsoft Visual Studio Solution File, Format Version 12.00
# Visual Studio 15
VisualStudioVersion = 15.0.28010.2036
MinimumVisualStudioVersion = 10.0.40219.1
Project("{FAE04EC0-301F-11D3-BF4B-00C04F79EFBC}") = "AccessTeamViewer", "AccessTeamViewer.csproj", "{BAFFA1D0-100D-4B10-AB23-C3CC11C9A950}"
EndProject
Global
	GlobalSection(SolutionConfigurationPlatforms) = preSolution
		Debug|Any CPU = Debug|Any CPU
		Release|Any CPU = Release|Any CPU
	EndGlobalSection
	GlobalSection(ProjectConfigurationPlatforms) = postSolution
		{BAFFA1D0-100D-4B10-AB23-C3CC11C9A950}.Debug|Any CPU.ActiveCfg = Debug|Any CPU
		{BAFFA1D0-100D-4B10-AB23-C3CC11C9A950}.Debug|Any CPU.Build.0 = Debug|Any CPU
		{BAFFA1D0-100D-4B10-AB23-C3CC11C9A950}.Release|Any CPU.ActiveCfg = Release|Any CPU
		{BAFFA1D0-100D-4B10-AB23-C3CC11C9A950}.Release|Any CPU.Build.0 = Release|Any CPU
	EndGlobalSection
	GlobalSection(SolutionProperties) = preSolution
		HideSolutionNode = FALSE
	EndGlobalSection
	GlobalSection(ExtensibilityGlobals) = postSolution
		SolutionGuid = {1E42B1A3-5CB4-4092-BA42-B12973EC00C9}
	EndGlobalSection
EndGlobal
